
Microsoft Visual Studio Solution File, Format Version 12.00
# Visual Studio Version 17
VisualStudioVersion = 17.6.33815.320
MinimumVisualStudioVersion = 10.0.40219.1
Project("{9A19103F-16F7-4668-BE54-9A1E7A4F7556}") = "portal-roadtrip.API", "portal-roadtrip.API\portal-roadtrip.API.csproj", "{E61D0891-A3A3-4758-A86C-9E37ACB2E67D}"
EndProject
Project("{9A19103F-16F7-4668-BE54-9A1E7A4F7556}") = "portal-roadtrip.Persistence", "portal-roadtrip.Persistence\portal-roadtrip.Persistence.csproj", "{ACF4E3C9-E009-4F34-86B1-118BFC94D925}"
EndProject
Project("{9A19103F-16F7-4668-BE54-9A1E7A4F7556}") = "portal-roadtrip.Domain", "portal-roadtrip.Domain\portal-roadtrip.Domain.csproj", "{8B3C4750-680D-4372-8BF8-926286178F9D}"
EndProject
Project("{FAE04EC0-301F-11D3-BF4B-00C04F79EFBC}") = "portal-roadtrip.Application", "portal-roadtrip.Application\portal-roadtrip.Application.csproj", "{178E8BA8-3D8A-43E3-B4E4-CA8114685A74}"
EndProject
Global
	GlobalSection(SolutionConfigurationPlatforms) = preSolution
		Debug|Any CPU = Debug|Any CPU
		Release|Any CPU = Release|Any CPU
	EndGlobalSection
	GlobalSection(ProjectConfigurationPlatforms) = postSolution
		{E61D0891-A3A3-4758-A86C-9E37ACB2E67D}.Debug|Any CPU.ActiveCfg = Debug|Any CPU
		{E61D0891-A3A3-4758-A86C-9E37ACB2E67D}.Debug|Any CPU.Build.0 = Debug|Any CPU
		{E61D0891-A3A3-4758-A86C-9E37ACB2E67D}.Release|Any CPU.ActiveCfg = Release|Any CPU
		{E61D0891-A3A3-4758-A86C-9E37ACB2E67D}.Release|Any CPU.Build.0 = Release|Any CPU
		{ACF4E3C9-E009-4F34-86B1-118BFC94D925}.Debug|Any CPU.ActiveCfg = Debug|Any CPU
		{ACF4E3C9-E009-4F34-86B1-118BFC94D925}.Debug|Any CPU.Build.0 = Debug|Any CPU
		{ACF4E3C9-E009-4F34-86B1-118BFC94D925}.Release|Any CPU.ActiveCfg = Release|Any CPU
		{ACF4E3C9-E009-4F34-86B1-118BFC94D925}.Release|Any CPU.Build.0 = Release|Any CPU
		{8B3C4750-680D-4372-8BF8-926286178F9D}.Debug|Any CPU.ActiveCfg = Debug|Any CPU
		{8B3C4750-680D-4372-8BF8-926286178F9D}.Debug|Any CPU.Build.0 = Debug|Any CPU
		{8B3C4750-680D-4372-8BF8-926286178F9D}.Release|Any CPU.ActiveCfg = Release|Any CPU
		{8B3C4750-680D-4372-8BF8-926286178F9D}.Release|Any CPU.Build.0 = Release|Any CPU
		{178E8BA8-3D8A-43E3-B4E4-CA8114685A74}.Debug|Any CPU.ActiveCfg = Debug|Any CPU
		{178E8BA8-3D8A-43E3-B4E4-CA8114685A74}.Debug|Any CPU.Build.0 = Debug|Any CPU
		{178E8BA8-3D8A-43E3-B4E4-CA8114685A74}.Release|Any CPU.ActiveCfg = Release|Any CPU
		{178E8BA8-3D8A-43E3-B4E4-CA8114685A74}.Release|Any CPU.Build.0 = Release|Any CPU
	EndGlobalSection
	GlobalSection(SolutionProperties) = preSolution
		HideSolutionNode = FALSE
	EndGlobalSection
	GlobalSection(ExtensibilityGlobals) = postSolution
		SolutionGuid = {5DF0EC05-3572-4490-B51D-7561937F5A43}
	EndGlobalSection
EndGlobal
